
Microsoft Visual Studio Solution File, Format Version 12.00
# Visual Studio Version 16
VisualStudioVersion = 16.0.33801.447
MinimumVisualStudioVersion = 10.0.40219.1
Project("{FAE04EC0-301F-11D3-BF4B-00C04F79EFBC}") = "GurpinderBookStore", "GurpinderBookStore\GurpinderBookStore.csproj", "{174242CB-7DD4-4C10-A431-4EEA2EEE4409}"
EndProject
Global
	GlobalSection(SolutionConfigurationPlatforms) = preSolution
		Debug|Any CPU = Debug|Any CPU
		Release|Any CPU = Release|Any CPU
	EndGlobalSection
	GlobalSection(ProjectConfigurationPlatforms) = postSolution
		{174242CB-7DD4-4C10-A431-4EEA2EEE4409}.Debug|Any CPU.ActiveCfg = Debug|Any CPU
		{174242CB-7DD4-4C10-A431-4EEA2EEE4409}.Debug|Any CPU.Build.0 = Debug|Any CPU
		{174242CB-7DD4-4C10-A431-4EEA2EEE4409}.Release|Any CPU.ActiveCfg = Release|Any CPU
		{174242CB-7DD4-4C10-A431-4EEA2EEE4409}.Release|Any CPU.Build.0 = Release|Any CPU
	EndGlobalSection
	GlobalSection(SolutionProperties) = preSolution
		HideSolutionNode = FALSE
	EndGlobalSection
	GlobalSection(ExtensibilityGlobals) = postSolution
		SolutionGuid = {C86F1F6D-8302-4E8D-9A04-6262FD6AE622}
	EndGlobalSection
EndGlobal
